
Microsoft Visual Studio Solution File, Format Version 12.00
# Visual Studio Version 16
VisualStudioVersion = 16.0.31321.278
MinimumVisualStudioVersion = 10.0.40219.1
Project("{FAE04EC0-301F-11D3-BF4B-00C04F79EFBC}") = "im gay", "im gay\im gay.csproj", "{2D50E666-0813-4EC3-8477-BF134D6A377B}"
EndProject
Global
	GlobalSection(SolutionConfigurationPlatforms) = preSolution
		Debug|Any CPU = Debug|Any CPU
		Release|Any CPU = Release|Any CPU
	EndGlobalSection
	GlobalSection(ProjectConfigurationPlatforms) = postSolution
		{2D50E666-0813-4EC3-8477-BF134D6A377B}.Debug|Any CPU.ActiveCfg = Debug|Any CPU
		{2D50E666-0813-4EC3-8477-BF134D6A377B}.Debug|Any CPU.Build.0 = Debug|Any CPU
		{2D50E666-0813-4EC3-8477-BF134D6A377B}.Release|Any CPU.ActiveCfg = Release|Any CPU
		{2D50E666-0813-4EC3-8477-BF134D6A377B}.Release|Any CPU.Build.0 = Release|Any CPU
	EndGlobalSection
	GlobalSection(SolutionProperties) = preSolution
		HideSolutionNode = FALSE
	EndGlobalSection
	GlobalSection(ExtensibilityGlobals) = postSolution
		SolutionGuid = {9D088F04-9917-484A-98BC-7B4F57EAB885}
	EndGlobalSection
EndGlobal
